<Solution>
  <Project Path="DiscordMusicBot.App/DiscordMusicBot.App.csproj" />
  <Project Path="DiscordMusicBot.Domain/DiscordMusicBot.Domain.csproj" />
  <Project Path="DiscordMusicBot.DataAccess/DiscordMusicBot.DataAccess.csproj" />
  <Project Path="DiscordMusicBot.Core/DiscordMusicBot.Core.csproj" />
</Solution>
